
Microsoft Visual Studio Solution File, Format Version 12.00
# Visual Studio 2013
VisualStudioVersion = 12.0.30110.0
MinimumVisualStudioVersion = 10.0.40219.1
Project("{FAE04EC0-301F-11D3-BF4B-00C04F79EFBC}") = "MSA", "aps\MSA.csproj", "{F30796F7-34B2-4F5C-B1F9-EF851D581347}"
EndProject
Project("{FAE04EC0-301F-11D3-BF4B-00C04F79EFBC}") = "MSACommon", "APSCommon\MSACommon.csproj", "{EA55F943-FE3F-4ABB-BB00-0C5A3C346A4D}"
EndProject
Project("{FAE04EC0-301F-11D3-BF4B-00C04F79EFBC}") = "Model", "Model\Model.csproj", "{E5D342E2-AFFB-4060-8649-C066FBB2599B}"
EndProject
Project("{2150E333-8FDC-42A3-9474-1A3956D46DE8}") = "Examples", "Examples", "{7629D7C0-18E4-48C7-B5B4-DCDD37CD27A4}"
EndProject
Project("{2150E333-8FDC-42A3-9474-1A3956D46DE8}") = "WinForms", "WinForms", "{1A18F162-88BB-4576-9563-36118265A25F}"
EndProject
Project("{FAE04EC0-301F-11D3-BF4B-00C04F79EFBC}") = "AppBiblioteca", "AppBiblioteca\AppBiblioteca.csproj", "{EB7772D2-0D81-4B6F-81AA-A4F47EC1DC27}"
EndProject
Project("{2150E333-8FDC-42A3-9474-1A3956D46DE8}") = "WebApp", "WebApp", "{B36F2FB8-FD42-48AA-BDE6-CCD6607F2E6F}"
EndProject
Project("{FAE04EC0-301F-11D3-BF4B-00C04F79EFBC}") = "WebBiblioteca", "WebBiblioteca\WebBiblioteca.csproj", "{37EE2FD3-CC40-433D-AF9D-5310068008AC}"
EndProject
Global
	GlobalSection(TeamFoundationVersionControl) = preSolution
		SccNumberOfProjects = 6
		SccEnterpriseProvider = {4CA58AB2-18FA-4F8D-95D4-32DDF27D184C}
		SccTeamFoundationServer = https://codegustavo.visualstudio.com/DefaultCollection
		SccLocalPath0 = .
		SccProjectUniqueName1 = Model\\Model.csproj
		SccProjectName1 = Model
		SccLocalPath1 = Model
		SccProjectUniqueName2 = aps\\MSA.csproj
		SccProjectName2 = aps
		SccLocalPath2 = aps
		SccProjectUniqueName3 = APSCommon\\MSACommon.csproj
		SccProjectName3 = APSCommon
		SccLocalPath3 = APSCommon
		SccProjectUniqueName4 = AppBiblioteca\\AppBiblioteca.csproj
		SccProjectTopLevelParentUniqueName4 = MSA.sln
		SccProjectName4 = AppBiblioteca
		SccLocalPath4 = AppBiblioteca
		SccProjectUniqueName5 = WebBiblioteca\\WebBiblioteca.csproj
		SccProjectTopLevelParentUniqueName5 = MSA.sln
		SccProjectName5 = WebBiblioteca
		SccLocalPath5 = WebBiblioteca
	EndGlobalSection
	GlobalSection(SolutionConfigurationPlatforms) = preSolution
		Debug|Any CPU = Debug|Any CPU
		Release|Any CPU = Release|Any CPU
	EndGlobalSection
	GlobalSection(ProjectConfigurationPlatforms) = postSolution
		{F30796F7-34B2-4F5C-B1F9-EF851D581347}.Debug|Any CPU.ActiveCfg = Debug|Any CPU
		{F30796F7-34B2-4F5C-B1F9-EF851D581347}.Debug|Any CPU.Build.0 = Debug|Any CPU
		{F30796F7-34B2-4F5C-B1F9-EF851D581347}.Release|Any CPU.ActiveCfg = Release|Any CPU
		{F30796F7-34B2-4F5C-B1F9-EF851D581347}.Release|Any CPU.Build.0 = Release|Any CPU
		{EA55F943-FE3F-4ABB-BB00-0C5A3C346A4D}.Debug|Any CPU.ActiveCfg = Debug|Any CPU
		{EA55F943-FE3F-4ABB-BB00-0C5A3C346A4D}.Debug|Any CPU.Build.0 = Debug|Any CPU
		{EA55F943-FE3F-4ABB-BB00-0C5A3C346A4D}.Release|Any CPU.ActiveCfg = Release|Any CPU
		{EA55F943-FE3F-4ABB-BB00-0C5A3C346A4D}.Release|Any CPU.Build.0 = Release|Any CPU
		{E5D342E2-AFFB-4060-8649-C066FBB2599B}.Debug|Any CPU.ActiveCfg = Debug|Any CPU
		{E5D342E2-AFFB-4060-8649-C066FBB2599B}.Debug|Any CPU.Build.0 = Debug|Any CPU
		{E5D342E2-AFFB-4060-8649-C066FBB2599B}.Release|Any CPU.ActiveCfg = Release|Any CPU
		{E5D342E2-AFFB-4060-8649-C066FBB2599B}.Release|Any CPU.Build.0 = Release|Any CPU
		{EB7772D2-0D81-4B6F-81AA-A4F47EC1DC27}.Debug|Any CPU.ActiveCfg = Debug|Any CPU
		{EB7772D2-0D81-4B6F-81AA-A4F47EC1DC27}.Debug|Any CPU.Build.0 = Debug|Any CPU
		{EB7772D2-0D81-4B6F-81AA-A4F47EC1DC27}.Release|Any CPU.ActiveCfg = Release|Any CPU
		{EB7772D2-0D81-4B6F-81AA-A4F47EC1DC27}.Release|Any CPU.Build.0 = Release|Any CPU
		{37EE2FD3-CC40-433D-AF9D-5310068008AC}.Debug|Any CPU.ActiveCfg = Debug|Any CPU
		{37EE2FD3-CC40-433D-AF9D-5310068008AC}.Debug|Any CPU.Build.0 = Debug|Any CPU
		{37EE2FD3-CC40-433D-AF9D-5310068008AC}.Release|Any CPU.ActiveCfg = Release|Any CPU
		{37EE2FD3-CC40-433D-AF9D-5310068008AC}.Release|Any CPU.Build.0 = Release|Any CPU
	EndGlobalSection
	GlobalSection(SolutionProperties) = preSolution
		HideSolutionNode = FALSE
	EndGlobalSection
	GlobalSection(NestedProjects) = preSolution
		{1A18F162-88BB-4576-9563-36118265A25F} = {7629D7C0-18E4-48C7-B5B4-DCDD37CD27A4}
		{B36F2FB8-FD42-48AA-BDE6-CCD6607F2E6F} = {7629D7C0-18E4-48C7-B5B4-DCDD37CD27A4}
		{EB7772D2-0D81-4B6F-81AA-A4F47EC1DC27} = {1A18F162-88BB-4576-9563-36118265A25F}
		{37EE2FD3-CC40-433D-AF9D-5310068008AC} = {B36F2FB8-FD42-48AA-BDE6-CCD6607F2E6F}
	EndGlobalSection
EndGlobal
